# This file is automatically @generated by Cargo.
# It is not intended for manual editing.
version = 4

[[package]]
name = "convert_sorted_array_to_binary_search_tree_108"
version = "0.1.0"

[[package]]
name = "generate_parantheses"
version = "0.1.0"

[[package]]
name = "longest_repeating_character_replacement"
version = "0.1.0"

[[package]]
name = "max_consecutive_ones_iii_1004"
version = "0.1.0"

[[package]]
name = "maximum_candies_allocated_to_k_children_2226"
version = "0.1.0"

[[package]]
name = "print_in_order_1114"
version = "0.1.0"

[[package]]
name = "unique_binary_search_trees_96"
version = "0.1.0"
